
Microsoft Visual Studio Solution File, Format Version 12.00
# Visual Studio Version 17
VisualStudioVersion = 17.0.32112.339
MinimumVisualStudioVersion = 10.0.40219.1
Project("{9A19103F-16F7-4668-BE54-9A1E7A4F7556}") = "FProg", "FProg\FProg.csproj", "{F78BC514-9609-41FA-942A-E1C7AB83044C}"
EndProject
Project("{9A19103F-16F7-4668-BE54-9A1E7A4F7556}") = "lesson_data_type", "lesson_data_type\lesson_data_type.csproj", "{04788543-7664-4432-BA72-8C0D4D0B52AB}"
EndProject
Project("{9A19103F-16F7-4668-BE54-9A1E7A4F7556}") = "lesson-3-condition-loops", "lesson-3-condition-loops\lesson-3-condition-loops.csproj", "{425D4EFB-A3C2-47ED-81DB-7B9DBA85FBB7}"
EndProject
Project("{9A19103F-16F7-4668-BE54-9A1E7A4F7556}") = "lesson-4-methods", "lesson-4-methods\lesson-4-methods.csproj", "{DE35F808-3F26-4BD6-A1A7-74F33770A783}"
EndProject
Project("{9A19103F-16F7-4668-BE54-9A1E7A4F7556}") = "homework-lesson-4-methods", "homework-lesson-4-methods\homework-lesson-4-methods.csproj", "{FAB318F7-98DA-4227-9A0A-0A5FD75B34F4}"
EndProject
Project("{9A19103F-16F7-4668-BE54-9A1E7A4F7556}") = "lesson-6-arrays", "lesson-6-arrays\lesson-6-arrays.csproj", "{F3FAA36E-3544-4210-8B57-F63B4D63B633}"
EndProject
Project("{FAE04EC0-301F-11D3-BF4B-00C04F79EFBC}") = "homework-10-OOP-library", "homework-10-OOP\homework-10-OOP-library.csproj", "{73D6D4B4-7FD4-41B8-AF12-76A97A625E44}"
EndProject
Global
	GlobalSection(SolutionConfigurationPlatforms) = preSolution
		Debug|Any CPU = Debug|Any CPU
		Release|Any CPU = Release|Any CPU
	EndGlobalSection
	GlobalSection(ProjectConfigurationPlatforms) = postSolution
		{F78BC514-9609-41FA-942A-E1C7AB83044C}.Debug|Any CPU.ActiveCfg = Debug|Any CPU
		{F78BC514-9609-41FA-942A-E1C7AB83044C}.Debug|Any CPU.Build.0 = Debug|Any CPU
		{F78BC514-9609-41FA-942A-E1C7AB83044C}.Release|Any CPU.ActiveCfg = Release|Any CPU
		{F78BC514-9609-41FA-942A-E1C7AB83044C}.Release|Any CPU.Build.0 = Release|Any CPU
		{04788543-7664-4432-BA72-8C0D4D0B52AB}.Debug|Any CPU.ActiveCfg = Debug|Any CPU
		{04788543-7664-4432-BA72-8C0D4D0B52AB}.Debug|Any CPU.Build.0 = Debug|Any CPU
		{04788543-7664-4432-BA72-8C0D4D0B52AB}.Release|Any CPU.ActiveCfg = Release|Any CPU
		{04788543-7664-4432-BA72-8C0D4D0B52AB}.Release|Any CPU.Build.0 = Release|Any CPU
		{425D4EFB-A3C2-47ED-81DB-7B9DBA85FBB7}.Debug|Any CPU.ActiveCfg = Debug|Any CPU
		{425D4EFB-A3C2-47ED-81DB-7B9DBA85FBB7}.Debug|Any CPU.Build.0 = Debug|Any CPU
		{425D4EFB-A3C2-47ED-81DB-7B9DBA85FBB7}.Release|Any CPU.ActiveCfg = Release|Any CPU
		{425D4EFB-A3C2-47ED-81DB-7B9DBA85FBB7}.Release|Any CPU.Build.0 = Release|Any CPU
		{DE35F808-3F26-4BD6-A1A7-74F33770A783}.Debug|Any CPU.ActiveCfg = Debug|Any CPU
		{DE35F808-3F26-4BD6-A1A7-74F33770A783}.Debug|Any CPU.Build.0 = Debug|Any CPU
		{DE35F808-3F26-4BD6-A1A7-74F33770A783}.Release|Any CPU.ActiveCfg = Release|Any CPU
		{DE35F808-3F26-4BD6-A1A7-74F33770A783}.Release|Any CPU.Build.0 = Release|Any CPU
		{FAB318F7-98DA-4227-9A0A-0A5FD75B34F4}.Debug|Any CPU.ActiveCfg = Debug|Any CPU
		{FAB318F7-98DA-4227-9A0A-0A5FD75B34F4}.Debug|Any CPU.Build.0 = Debug|Any CPU
		{FAB318F7-98DA-4227-9A0A-0A5FD75B34F4}.Release|Any CPU.ActiveCfg = Release|Any CPU
		{FAB318F7-98DA-4227-9A0A-0A5FD75B34F4}.Release|Any CPU.Build.0 = Release|Any CPU
		{F3FAA36E-3544-4210-8B57-F63B4D63B633}.Debug|Any CPU.ActiveCfg = Debug|Any CPU
		{F3FAA36E-3544-4210-8B57-F63B4D63B633}.Debug|Any CPU.Build.0 = Debug|Any CPU
		{F3FAA36E-3544-4210-8B57-F63B4D63B633}.Release|Any CPU.ActiveCfg = Release|Any CPU
		{F3FAA36E-3544-4210-8B57-F63B4D63B633}.Release|Any CPU.Build.0 = Release|Any CPU
		{73D6D4B4-7FD4-41B8-AF12-76A97A625E44}.Debug|Any CPU.ActiveCfg = Debug|Any CPU
		{73D6D4B4-7FD4-41B8-AF12-76A97A625E44}.Debug|Any CPU.Build.0 = Debug|Any CPU
		{73D6D4B4-7FD4-41B8-AF12-76A97A625E44}.Release|Any CPU.ActiveCfg = Release|Any CPU
		{73D6D4B4-7FD4-41B8-AF12-76A97A625E44}.Release|Any CPU.Build.0 = Release|Any CPU
	EndGlobalSection
	GlobalSection(SolutionProperties) = preSolution
		HideSolutionNode = FALSE
	EndGlobalSection
	GlobalSection(ExtensibilityGlobals) = postSolution
		SolutionGuid = {DC47971F-E3A9-473D-9B41-3D6719896644}
	EndGlobalSection
EndGlobal
